
Microsoft Visual Studio Solution File, Format Version 10.00
# Visual Studio 2008
Project("{FAE04EC0-301F-11D3-BF4B-00C04F79EFBC}") = "QueryAnalyzer", "QueryAnalyzer\QueryAnalyzer.csproj", "{FE67FD5E-D8FE-4B75-8664-BBE2C0A64DEA}"
EndProject
Global
	GlobalSection(SolutionConfigurationPlatforms) = preSolution
		Debug|Any CPU = Debug|Any CPU
		Release|Any CPU = Release|Any CPU
	EndGlobalSection
	GlobalSection(ProjectConfigurationPlatforms) = postSolution
		{FE67FD5E-D8FE-4B75-8664-BBE2C0A64DEA}.Debug|Any CPU.ActiveCfg = Debug|Any CPU
		{FE67FD5E-D8FE-4B75-8664-BBE2C0A64DEA}.Debug|Any CPU.Build.0 = Debug|Any CPU
		{FE67FD5E-D8FE-4B75-8664-BBE2C0A64DEA}.Release|Any CPU.ActiveCfg = Release|Any CPU
		{FE67FD5E-D8FE-4B75-8664-BBE2C0A64DEA}.Release|Any CPU.Build.0 = Release|Any CPU
	EndGlobalSection
	GlobalSection(SolutionProperties) = preSolution
		HideSolutionNode = FALSE
	EndGlobalSection
EndGlobal
